// !$*UTF8*$!
{
	archiveVersion = 1;
	classes = {
	};
	objectVersion = 48;
	objects = {

/* Begin PBXBuildFile section */
		E92BAC862085CAF900878F70 /* AppDelegate.m in Sources */ = {isa = PBXBuildFile; fileRef = E92BAC852085CAF900878F70 /* AppDelegate.m */; };
		E92BAC892085CAF900878F70 /* ViewController.m in Sources */ = {isa = PBXBuildFile; fileRef = E92BAC882085CAF900878F70 /* ViewController.m */; };
		E92BAC8C2085CAF900878F70 /* Main.storyboard in Resources */ = {isa = PBXBuildFile; fileRef = E92BAC8A2085CAF900878F70 /* Main.storyboard */; };
		E92BAC8E2085CAF900878F70 /* Assets.xcassets in Resources */ = {isa = PBXBuildFile; fileRef = E92BAC8D2085CAF900878F70 /* Assets.xcassets */; };
		E92BAC912085CAF900878F70 /* LaunchScreen.storyboard in Resources */ = {isa = PBXBuildFile; fileRef = E92BAC8F2085CAF900878F70 /* LaunchScreen.storyboard */; };
		E92BAC942085CAF900878F70 /* main.m in Sources */ = {isa = PBXBuildFile; fileRef = E92BAC932085CAF900878F70 /* main.m */; };
		E92BAC9E2085CAF900878F70 /* SJCustomButtonTests.m in Sources */ = {isa = PBXBuildFile; fileRef = E92BAC9D2085CAF900878F70 /* SJCustomButtonTests.m */; };
		E92BACA92085CAFA00878F70 /* SJCustomButtonUITests.m in Sources */ = {isa = PBXBuildFile; fileRef = E92BACA82085CAFA00878F70 /* SJCustomButtonUITests.m */; };
		E92BACB82085CD5100878F70 /* UIButton+Count.m in Sources */ = {isa = PBXBuildFile; fileRef = E92BACB72085CD5100878F70 /* UIButton+Count.m */; };
/* End PBXBuildFile section */

/* Begin PBXContainerItemProxy section */
		E92BAC9A2085CAF900878F70 /* PBXContainerItemProxy */ = {
			isa = PBXContainerItemProxy;
			containerPortal = E92BAC792085CAF900878F70 /* Project object */;
			proxyType = 1;
			remoteGlobalIDString = E92BAC802085CAF900878F70;
			remoteInfo = SJCustomButton;
		};
		E92BACA52085CAFA00878F70 /* PBXContainerItemProxy */ = {
			isa = PBXContainerItemProxy;
			containerPortal = E92BAC792085CAF900878F70 /* Project object */;
			proxyType = 1;
			remoteGlobalIDString = E92BAC802085CAF900878F70;
			remoteInfo = SJCustomButton;
		};
/* End PBXContainerItemProxy section */

/* Begin PBXFileReference section */
		E92BAC812085CAF900878F70 /* SJCustomButton.app */ = {isa = PBXFileReference; explicitFileType = wrapper.application; includeInIndex = 0; path = SJCustomButton.app; sourceTree = BUILT_PRODUCTS_DIR; };
		E92BAC842085CAF900878F70 /* AppDelegate.h */ = {isa = PBXFileReference; lastKnownFileType = sourcecode.c.h; path = AppDelegate.h; sourceTree = "<group>"; };
		E92BAC852085CAF900878F70 /* AppDelegate.m */ = {isa = PBXFileReference; lastKnownFileType = sourcecode.c.objc; path = AppDelegate.m; sourceTree = "<group>"; };
		E92BAC872085CAF900878F70 /* ViewController.h */ = {isa = PBXFileReference; lastKnownFileType = sourcecode.c.h; path = ViewController.h; sourceTree = "<group>"; };
		E92BAC882085CAF900878F70 /* ViewController.m */ = {isa = PBXFileReference; lastKnownFileType = sourcecode.c.objc; path = ViewController.m; sourceTree = "<group>"; };
		E92BAC8B2085CAF900878F70 /* Base */ = {isa = PBXFileReference; lastKnownFileType = file.storyboard; name = Base; path = Base.lproj/Main.storyboard; sourceTree = "<group>"; };
		E92BAC8D2085CAF900878F70 /* Assets.xcassets */ = {isa = PBXFileReference; lastKnownFileType = folder.assetcatalog; path = Assets.xcassets; sourceTree = "<group>"; };
		E92BAC902085CAF900878F70 /* Base */ = {isa = PBXFileReference; lastKnownFileType = file.storyboard; name = Base; path = Base.lproj/LaunchScreen.storyboard; sourceTree = "<group>"; };
		E92BAC922085CAF900878F70 /* Info.plist */ = {isa = PBXFileReference; lastKnownFileType = text.plist.xml; path = Info.plist; sourceTree = "<group>"; };
		E92BAC932085CAF900878F70 /* main.m */ = {isa = PBXFileReference; lastKnownFileType = sourcecode.c.objc; path = main.m; sourceTree = "<group>"; };
		E92BAC992085CAF900878F70 /* SJCustomButtonTests.xctest */ = {isa = PBXFileReference; explicitFileType = wrapper.cfbundle; includeInIndex = 0; path = SJCustomButtonTests.xctest; sourceTree = BUILT_PRODUCTS_DIR; };
		E92BAC9D2085CAF900878F70 /* SJCustomButtonTests.m */ = {isa = PBXFileReference; lastKnownFileType = sourcecode.c.objc; path = SJCustomButtonTests.m; sourceTree = "<group>"; };
		E92BAC9F2085CAF900878F70 /* Info.plist */ = {isa = PBXFileReference; lastKnownFileType = text.plist.xml; path = Info.plist; sourceTree = "<group>"; };
		E92BACA42085CAF900878F70 /* SJCustomButtonUITests.xctest */ = {isa = PBXFileReference; explicitFileType = wrapper.cfbundle; includeInIndex = 0; path = SJCustomButtonUITests.xctest; sourceTree = BUILT_PRODUCTS_DIR; };
		E92BACA82085CAFA00878F70 /* SJCustomButtonUITests.m */ = {isa = PBXFileReference; lastKnownFileType = sourcecode.c.objc; path = SJCustomButtonUITests.m; sourceTree = "<group>"; };
		E92BACAA2085CAFA00878F70 /* Info.plist */ = {isa = PBXFileReference; lastKnownFileType = text.plist.xml; path = Info.plist; sourceTree = "<group>"; };
		E92BACB62085CD5100878F70 /* UIButton+Count.h */ = {isa = PBXFileReference; lastKnownFileType = sourcecode.c.h; path = "UIButton+Count.h"; sourceTree = "<group>"; };
		E92BACB72085CD5100878F70 /* UIButton+Count.m */ = {isa = PBXFileReference; lastKnownFileType = sourcecode.c.objc; path = "UIButton+Count.m"; sourceTree = "<group>"; };
/* End PBXFileReference section */

/* Begin PBXFrameworksBuildPhase section */
		E92BAC7E2085CAF900878F70 /* Frameworks */ = {
			isa = PBXFrameworksBuildPhase;
			buildActionMask = 2147483647;
			files = (
			);
			runOnlyForDeploymentPostprocessing = 0;
		};
		E92BAC962085CAF900878F70 /* Frameworks */ = {
			isa = PBXFrameworksBuildPhase;
			buildActionMask = 2147483647;
			files = (
			);
			runOnlyForDeploymentPostprocessing = 0;
		};
		E92BACA12085CAF900878F70 /* Frameworks */ = {
			isa = PBXFrameworksBuildPhase;
			buildActionMask = 2147483647;
			files = (
			);
			runOnlyForDeploymentPostprocessing = 0;
		};
/* End PBXFrameworksBuildPhase section */

/* Begin PBXGroup section */
		E92BAC782085CAF900878F70 = {
			isa = PBXGroup;
			children = (
				E92BAC832085CAF900878F70 /* SJCustomButton */,
				E92BAC9C2085CAF900878F70 /* SJCustomButtonTests */,
				E92BACA72085CAFA00878F70 /* SJCustomButtonUITests */,
				E92BAC822085CAF900878F70 /* Products */,
			);
			sourceTree = "<group>";
		};
		E92BAC822085CAF900878F70 /* Products */ = {
			isa = PBXGroup;
			children = (
				E92BAC812085CAF900878F70 /* SJCustomButton.app */,
				E92BAC992085CAF900878F70 /* SJCustomButtonTests.xctest */,
				E92BACA42085CAF900878F70 /* SJCustomButtonUITests.xctest */,
			);
			name = Products;
			sourceTree = "<group>";
		};
		E92BAC832085CAF900878F70 /* SJCustomButton */ = {
			isa = PBXGroup;
			children = (
				E92BAC842085CAF900878F70 /* AppDelegate.h */,
				E92BAC852085CAF900878F70 /* AppDelegate.m */,
				E92BAC872085CAF900878F70 /* ViewController.h */,
				E92BAC882085CAF900878F70 /* ViewController.m */,
				E92BAC8A2085CAF900878F70 /* Main.storyboard */,
				E92BAC8D2085CAF900878F70 /* Assets.xcassets */,
				E92BAC8F2085CAF900878F70 /* LaunchScreen.storyboard */,
				E92BAC922085CAF900878F70 /* Info.plist */,
				E92BAC932085CAF900878F70 /* main.m */,
				E92BACB62085CD5100878F70 /* UIButton+Count.h */,
				E92BACB72085CD5100878F70 /* UIButton+Count.m */,
			);
			path = SJCustomButton;
			sourceTree = "<group>";
		};
		E92BAC9C2085CAF900878F70 /* SJCustomButtonTests */ = {
			isa = PBXGroup;
			children = (
				E92BAC9D2085CAF900878F70 /* SJCustomButtonTests.m */,
				E92BAC9F2085CAF900878F70 /* Info.plist */,
			);
			path = SJCustomButtonTests;
			sourceTree = "<group>";
		};
		E92BACA72085CAFA00878F70 /* SJCustomButtonUITests */ = {
			isa = PBXGroup;
			children = (
				E92BACA82085CAFA00878F70 /* SJCustomButtonUITests.m */,
				E92BACAA2085CAFA00878F70 /* Info.plist */,
			);
			path = SJCustomButtonUITests;
			sourceTree = "<group>";
		};
/* End PBXGroup section */

/* Begin PBXNativeTarget section */
		E92BAC802085CAF900878F70 /* SJCustomButton */ = {
			isa = PBXNativeTarget;
			buildConfigurationList = E92BACAD2085CAFA00878F70 /* Build configuration list for PBXNativeTarget "SJCustomButton" */;
			buildPhases = (
				E92BAC7D2085CAF900878F70 /* Sources */,
				E92BAC7E2085CAF900878F70 /* Frameworks */,
				E92BAC7F2085CAF900878F70 /* Resources */,
			);
			buildRules = (
			);
			dependencies = (
			);
			name = SJCustomButton;
			productName = SJCustomButton;
			productReference = E92BAC812085CAF900878F70 /* SJCustomButton.app */;
			productType = "com.apple.product-type.application";
		};
		E92BAC982085CAF900878F70 /* SJCustomButtonTests */ = {
			isa = PBXNativeTarget;
			buildConfigurationList = E92BACB02085CAFA00878F70 /* Build configuration list for PBXNativeTarget "SJCustomButtonTests" */;
			buildPhases = (
				E92BAC952085CAF900878F70 /* Sources */,
				E92BAC962085CAF900878F70 /* Frameworks */,
				E92BAC972085CAF900878F70 /* Resources */,
			);
			buildRules = (
			);
			dependencies = (
				E92BAC9B2085CAF900878F70 /* PBXTargetDependency */,
			);
			name = SJCustomButtonTests;
			productName = SJCustomButtonTests;
			productReference = E92BAC992085CAF900878F70 /* SJCustomButtonTests.xctest */;
			productType = "com.apple.product-type.bundle.unit-test";
		};
		E92BACA32085CAF900878F70 /* SJCustomButtonUITests */ = {
			isa = PBXNativeTarget;
			buildConfigurationList = E92BACB32085CAFA00878F70 /* Build configuration list for PBXNativeTarget "SJCustomButtonUITests" */;
			buildPhases = (
				E92BACA02085CAF900878F70 /* Sources */,
				E92BACA12085CAF900878F70 /* Frameworks */,
				E92BACA22085CAF900878F70 /* Resources */,
			);
			buildRules = (
			);
			dependencies = (
				E92BACA62085CAFA00878F70 /* PBXTargetDependency */,
			);
			name = SJCustomButtonUITests;
			productName = SJCustomButtonUITests;
			productReference = E92BACA42085CAF900878F70 /* SJCustomButtonUITests.xctest */;
			productType = "com.apple.product-type.bundle.ui-testing";
		};
/* End PBXNativeTarget section */

/* Begin PBXProject section */
		E92BAC792085CAF900878F70 /* Project object */ = {
			isa = PBXProject;
			attributes = {
				LastUpgradeCheck = 0920;
				ORGANIZATIONNAME = "王珅剑";
				TargetAttributes = {
					E92BAC802085CAF900878F70 = {
						CreatedOnToolsVersion = 9.2;
						ProvisioningStyle = Automatic;
					};
					E92BAC982085CAF900878F70 = {
						CreatedOnToolsVersion = 9.2;
						ProvisioningStyle = Automatic;
						TestTargetID = E92BAC802085CAF900878F70;
					};
					E92BACA32085CAF900878F70 = {
						CreatedOnToolsVersion = 9.2;
						ProvisioningStyle = Automatic;
						TestTargetID = E92BAC802085CAF900878F70;
					};
				};
			};
			buildConfigurationList = E92BAC7C2085CAF900878F70 /* Build configuration list for PBXProject "SJCustomButton" */;
			compatibilityVersion = "Xcode 8.0";
			developmentRegion = en;
			hasScannedForEncodings = 0;
			knownRegions = (
				en,
				Base,
			);
			mainGroup = E92BAC782085CAF900878F70;
			productRefGroup = E92BAC822085CAF900878F70 /* Products */;
			projectDirPath = "";
			projectRoot = "";
			targets = (
				E92BAC802085CAF900878F70 /* SJCustomButton */,
				E92BAC982085CAF900878F70 /* SJCustomButtonTests */,
				E92BACA32085CAF900878F70 /* SJCustomButtonUITests */,
			);
		};
/* End PBXProject section */

/* Begin PBXResourcesBuildPhase section */
		E92BAC7F2085CAF900878F70 /* Resources */ = {
			isa = PBXResourcesBuildPhase;
			buildActionMask = 2147483647;
			files = (
				E92BAC912085CAF900878F70 /* LaunchScreen.storyboard in Resources */,
				E92BAC8E2085CAF900878F70 /* Assets.xcassets in Resources */,
				E92BAC8C2085CAF900878F70 /* Main.storyboard in Resources */,
			);
			runOnlyForDeploymentPostprocessing = 0;
		};
		E92BAC972085CAF900878F70 /* Resources */ = {
			isa = PBXResourcesBuildPhase;
			buildActionMask = 2147483647;
			files = (
			);
			runOnlyForDeploymentPostprocessing = 0;
		};
		E92BACA22085CAF900878F70 /* Resources */ = {
			isa = PBXResourcesBuildPhase;
			buildActionMask = 2147483647;
			files = (
			);
			runOnlyForDeploymentPostprocessing = 0;
		};
/* End PBXResourcesBuildPhase section */

/* Begin PBXSourcesBuildPhase section */
		E92BAC7D2085CAF900878F70 /* Sources */ = {
			isa = PBXSourcesBuildPhase;
			buildActionMask = 2147483647;
			files = (
				E92BAC892085CAF900878F70 /* ViewController.m in Sources */,
				E92BACB82085CD5100878F70 /* UIButton+Count.m in Sources */,
				E92BAC942085CAF900878F70 /* main.m in Sources */,
				E92BAC862085CAF900878F70 /* AppDelegate.m in Sources */,
			);
			runOnlyForDeploymentPostprocessing = 0;
		};
		E92BAC952085CAF900878F70 /* Sources */ = {
			isa = PBXSourcesBuildPhase;
			buildActionMask = 2147483647;
			files = (
				E92BAC9E2085CAF900878F70 /* SJCustomButtonTests.m in Sources */,
			);
			runOnlyForDeploymentPostprocessing = 0;
		};
		E92BACA02085CAF900878F70 /* Sources */ = {
			isa = PBXSourcesBuildPhase;
			buildActionMask = 2147483647;
			files = (
				E92BACA92085CAFA00878F70 /* SJCustomButtonUITests.m in Sources */,
			);
			runOnlyForDeploymentPostprocessing = 0;
		};
/* End PBXSourcesBuildPhase section */

/* Begin PBXTargetDependency section */
		E92BAC9B2085CAF900878F70 /* PBXTargetDependency */ = {
			isa = PBXTargetDependency;
			target = E92BAC802085CAF900878F70 /* SJCustomButton */;
			targetProxy = E92BAC9A2085CAF900878F70 /* PBXContainerItemProxy */;
		};
		E92BACA62085CAFA00878F70 /* PBXTargetDependency */ = {
			isa = PBXTargetDependency;
			target = E92BAC802085CAF900878F70 /* SJCustomButton */;
			targetProxy = E92BACA52085CAFA00878F70 /* PBXContainerItemProxy */;
		};
/* End PBXTargetDependency section */

/* Begin PBXVariantGroup section */
		E92BAC8A2085CAF900878F70 /* Main.storyboard */ = {
			isa = PBXVariantGroup;
			children = (
				E92BAC8B2085CAF900878F70 /* Base */,
			);
			name = Main.storyboard;
			sourceTree = "<group>";
		};
		E92BAC8F2085CAF900878F70 /* LaunchScreen.storyboard */ = {
			isa = PBXVariantGroup;
			children = (
				E92BAC902085CAF900878F70 /* Base */,
			);
			name = LaunchScreen.storyboard;
			sourceTree = "<group>";
		};
/* End PBXVariantGroup section */

/* Begin XCBuildConfiguration section */
		E92BACAB2085CAFA00878F70 /* Debug */ = {
			isa = XCBuildConfiguration;
			buildSettings = {
				ALWAYS_SEARCH_USER_PATHS = NO;
				CLANG_ANALYZER_NONNULL = YES;
				CLANG_ANALYZER_NUMBER_OBJECT_CONVERSION = YES_AGGRESSIVE;
				CLANG_CXX_LANGUAGE_STANDARD = "gnu++14";
				CLANG_CXX_LIBRARY = "libc++";
				CLANG_ENABLE_MODULES = YES;
				CLANG_ENABLE_OBJC_ARC = YES;
				CLANG_WARN_BLOCK_CAPTURE_AUTORELEASING = YES;
				CLANG_WARN_BOOL_CONVERSION = YES;
				CLANG_WARN_COMMA = YES;
				CLANG_WARN_CONSTANT_CONVERSION = YES;
				CLANG_WARN_DIRECT_OBJC_ISA_USAGE = YES_ERROR;
				CLANG_WARN_DOCUMENTATION_COMMENTS = YES;
				CLANG_WARN_EMPTY_BODY = YES;
				CLANG_WARN_ENUM_CONVERSION = YES;
				CLANG_WARN_INFINITE_RECURSION = YES;
				CLANG_WARN_INT_CONVERSION = YES;
				CLANG_WARN_NON_LITERAL_NULL_CONVERSION = YES;
				CLANG_WARN_OBJC_LITERAL_CONVERSION = YES;
				CLANG_WARN_OBJC_ROOT_CLASS = YES_ERROR;
				CLANG_WARN_RANGE_LOOP_ANALYSIS = YES;
				CLANG_WARN_STRICT_PROTOTYPES = YES;
				CLANG_WARN_SUSPICIOUS_MOVE = YES;
				CLANG_WARN_UNGUARDED_AVAILABILITY = YES_AGGRESSIVE;
				CLANG_WARN_UNREACHABLE_CODE = YES;
				CLANG_WARN__DUPLICATE_METHOD_MATCH = YES;
				CODE_SIGN_IDENTITY = "iPhone Developer";
				COPY_PHASE_STRIP = NO;
				DEBUG_INFORMATION_FORMAT = dwarf;
				ENABLE_STRICT_OBJC_MSGSEND = YES;
				ENABLE_TESTABILITY = YES;
				GCC_C_LANGUAGE_STANDARD = gnu11;
				GCC_DYNAMIC_NO_PIC = NO;
				GCC_NO_COMMON_BLOCKS = YES;
				GCC_OPTIMIZATION_LEVEL = 0;
				GCC_PREPROCESSOR_DEFINITIONS = (
					"DEBUG=1",
					"$(inherited)",
				);
				GCC_WARN_64_TO_32_BIT_CONVERSION = YES;
				GCC_WARN_ABOUT_RETURN_TYPE = YES_ERROR;
				GCC_WARN_UNDECLARED_SELECTOR = YES;
				GCC_WARN_UNINITIALIZED_AUTOS = YES_AGGRESSIVE;
				GCC_WARN_UNUSED_FUNCTION = YES;
				GCC_WARN_UNUSED_VARIABLE = YES;
				IPHONEOS_DEPLOYMENT_TARGET = 11.2;
				MTL_ENABLE_DEBUG_INFO = YES;
				ONLY_ACTIVE_ARCH = YES;
				SDKROOT = iphoneos;
			};
			name = Debug;
		};
		E92BACAC2085CAFA00878F70 /* Release */ = {
			isa = XCBuildConfiguration;
			buildSettings = {
				ALWAYS_SEARCH_USER_PATHS = NO;
				CLANG_ANALYZER_NONNULL = YES;
				CLANG_ANALYZER_NUMBER_OBJECT_CONVERSION = YES_AGGRESSIVE;
				CLANG_CXX_LANGUAGE_STANDARD = "gnu++14";
				CLANG_CXX_LIBRARY = "libc++";
				CLANG_ENABLE_MODULES = YES;
				CLANG_ENABLE_OBJC_ARC = YES;
				CLANG_WARN_BLOCK_CAPTURE_AUTORELEASING = YES;
				CLANG_WARN_BOOL_CONVERSION = YES;
				CLANG_WARN_COMMA = YES;
				CLANG_WARN_CONSTANT_CONVERSION = YES;
				CLANG_WARN_DIRECT_OBJC_ISA_USAGE = YES_ERROR;
				CLANG_WARN_DOCUMENTATION_COMMENTS = YES;
				CLANG_WARN_EMPTY_BODY = YES;
				CLANG_WARN_ENUM_CONVERSION = YES;
				CLANG_WARN_INFINITE_RECURSION = YES;
				CLANG_WARN_INT_CONVERSION = YES;
				CLANG_WARN_NON_LITERAL_NULL_CONVERSION = YES;
				CLANG_WARN_OBJC_LITERAL_CONVERSION = YES;
				CLANG_WARN_OBJC_ROOT_CLASS = YES_ERROR;
				CLANG_WARN_RANGE_LOOP_ANALYSIS = YES;
				CLANG_WARN_STRICT_PROTOTYPES = YES;
				CLANG_WARN_SUSPICIOUS_MOVE = YES;
				CLANG_WARN_UNGUARDED_AVAILABILITY = YES_AGGRESSIVE;
				CLANG_WARN_UNREACHABLE_CODE = YES;
				CLANG_WARN__DUPLICATE_METHOD_MATCH = YES;
				CODE_SIGN_IDENTITY = "iPhone Developer";
				COPY_PHASE_STRIP = NO;
				DEBUG_INFORMATION_FORMAT = "dwarf-with-dsym";
				ENABLE_NS_ASSERTIONS = NO;
				ENABLE_STRICT_OBJC_MSGSEND = YES;
				GCC_C_LANGUAGE_STANDARD = gnu11;
				GCC_NO_COMMON_BLOCKS = YES;
				GCC_WARN_64_TO_32_BIT_CONVERSION = YES;
				GCC_WARN_ABOUT_RETURN_TYPE = YES_ERROR;
				GCC_WARN_UNDECLARED_SELECTOR = YES;
				GCC_WARN_UNINITIALIZED_AUTOS = YES_AGGRESSIVE;
				GCC_WARN_UNUSED_FUNCTION = YES;
				GCC_WARN_UNUSED_VARIABLE = YES;
				IPHONEOS_DEPLOYMENT_TARGET = 11.2;
				MTL_ENABLE_DEBUG_INFO = NO;
				SDKROOT = iphoneos;
				VALIDATE_PRODUCT = YES;
			};
			name = Release;
		};
		E92BACAE2085CAFA00878F70 /* Debug */ = {
			isa = XCBuildConfiguration;
			buildSettings = {
				ASSETCATALOG_COMPILER_APPICON_NAME = AppIcon;
				CODE_SIGN_STYLE = Automatic;
				DEVELOPMENT_TEAM = E53BUV9SKH;
				INFOPLIST_FILE = SJCustomButton/Info.plist;
				LD_RUNPATH_SEARCH_PATHS = "$(inherited) @executable_path/Frameworks";
				PRODUCT_BUNDLE_IDENTIFIER = com.wangshenjian.SJCustomButton;
				PRODUCT_NAME = "$(TARGET_NAME)";
				TARGETED_DEVICE_FAMILY = "1,2";
			};
			name = Debug;
		};
		E92BACAF2085CAFA00878F70 /* Release */ = {
			isa = XCBuildConfiguration;
			buildSettings = {
				ASSETCATALOG_COMPILER_APPICON_NAME = AppIcon;
				CODE_SIGN_STYLE = Automatic;
				DEVELOPMENT_TEAM = E53BUV9SKH;
				INFOPLIST_FILE = SJCustomButton/Info.plist;
				LD_RUNPATH_SEARCH_PATHS = "$(inherited) @executable_path/Frameworks";
				PRODUCT_BUNDLE_IDENTIFIER = com.wangshenjian.SJCustomButton;
				PRODUCT_NAME = "$(TARGET_NAME)";
				TARGETED_DEVICE_FAMILY = "1,2";
			};
			name = Release;
		};
		E92BACB12085CAFA00878F70 /* Debug */ = {
			isa = XCBuildConfiguration;
			buildSettings = {
				BUNDLE_LOADER = "$(TEST_HOST)";
				CODE_SIGN_STYLE = Automatic;
				DEVELOPMENT_TEAM = E53BUV9SKH;
				INFOPLIST_FILE = SJCustomButtonTests/Info.plist;
				LD_RUNPATH_SEARCH_PATHS = "$(inherited) @executable_path/Frameworks @loader_path/Frameworks";
				PRODUCT_BUNDLE_IDENTIFIER = com.wangshenjian.SJCustomButtonTests;
				PRODUCT_NAME = "$(TARGET_NAME)";
				TARGETED_DEVICE_FAMILY = "1,2";
				TEST_HOST = "$(BUILT_PRODUCTS_DIR)/SJCustomButton.app/SJCustomButton";
			};
			name = Debug;
		};
		E92BACB22085CAFA00878F70 /* Release */ = {
			isa = XCBuildConfiguration;
			buildSettings = {
				BUNDLE_LOADER = "$(TEST_HOST)";
				CODE_SIGN_STYLE = Automatic;
				DEVELOPMENT_TEAM = E53BUV9SKH;
				INFOPLIST_FILE = SJCustomButtonTests/Info.plist;
				LD_RUNPATH_SEARCH_PATHS = "$(inherited) @executable_path/Frameworks @loader_path/Frameworks";
				PRODUCT_BUNDLE_IDENTIFIER = com.wangshenjian.SJCustomButtonTests;
				PRODUCT_NAME = "$(TARGET_NAME)";
				TARGETED_DEVICE_FAMILY = "1,2";
				TEST_HOST = "$(BUILT_PRODUCTS_DIR)/SJCustomButton.app/SJCustomButton";
			};
			name = Release;
		};
		E92BACB42085CAFA00878F70 /* Debug */ = {
			isa = XCBuildConfiguration;
			buildSettings = {
				CODE_SIGN_STYLE = Automatic;
				DEVELOPMENT_TEAM = E53BUV9SKH;
				INFOPLIST_FILE = SJCustomButtonUITests/Info.plist;
				LD_RUNPATH_SEARCH_PATHS = "$(inherited) @executable_path/Frameworks @loader_path/Frameworks";
				PRODUCT_BUNDLE_IDENTIFIER = com.wangshenjian.SJCustomButtonUITests;
				PRODUCT_NAME = "$(TARGET_NAME)";
				TARGETED_DEVICE_FAMILY = "1,2";
				TEST_TARGET_NAME = SJCustomButton;
			};
			name = Debug;
		};
		E92BACB52085CAFA00878F70 /* Release */ = {
			isa = XCBuildConfiguration;
			buildSettings = {
				CODE_SIGN_STYLE = Automatic;
				DEVELOPMENT_TEAM = E53BUV9SKH;
				INFOPLIST_FILE = SJCustomButtonUITests/Info.plist;
				LD_RUNPATH_SEARCH_PATHS = "$(inherited) @executable_path/Frameworks @loader_path/Frameworks";
				PRODUCT_BUNDLE_IDENTIFIER = com.wangshenjian.SJCustomButtonUITests;
				PRODUCT_NAME = "$(TARGET_NAME)";
				TARGETED_DEVICE_FAMILY = "1,2";
				TEST_TARGET_NAME = SJCustomButton;
			};
			name = Release;
		};
/* End XCBuildConfiguration section */

/* Begin XCConfigurationList section */
		E92BAC7C2085CAF900878F70 /* Build configuration list for PBXProject "SJCustomButton" */ = {
			isa = XCConfigurationList;
			buildConfigurations = (
				E92BACAB2085CAFA00878F70 /* Debug */,
				E92BACAC2085CAFA00878F70 /* Release */,
			);
			defaultConfigurationIsVisible = 0;
			defaultConfigurationName = Release;
		};
		E92BACAD2085CAFA00878F70 /* Build configuration list for PBXNativeTarget "SJCustomButton" */ = {
			isa = XCConfigurationList;
			buildConfigurations = (
				E92BACAE2085CAFA00878F70 /* Debug */,
				E92BACAF2085CAFA00878F70 /* Release */,
			);
			defaultConfigurationIsVisible = 0;
			defaultConfigurationName = Release;
		};
		E92BACB02085CAFA00878F70 /* Build configuration list for PBXNativeTarget "SJCustomButtonTests" */ = {
			isa = XCConfigurationList;
			buildConfigurations = (
				E92BACB12085CAFA00878F70 /* Debug */,
				E92BACB22085CAFA00878F70 /* Release */,
			);
			defaultConfigurationIsVisible = 0;
			defaultConfigurationName = Release;
		};
		E92BACB32085CAFA00878F70 /* Build configuration list for PBXNativeTarget "SJCustomButtonUITests" */ = {
			isa = XCConfigurationList;
			buildConfigurations = (
				E92BACB42085CAFA00878F70 /* Debug */,
				E92BACB52085CAFA00878F70 /* Release */,
			);
			defaultConfigurationIsVisible = 0;
			defaultConfigurationName = Release;
		};
/* End XCConfigurationList section */
	};
	rootObject = E92BAC792085CAF900878F70 /* Project object */;
}
